// !$*UTF8*$!
{
	archiveVersion = 1;
	classes = {
	};
	objectVersion = 50;
	objects = {

/* Begin PBXBuildFile section */
		F94545032670AAD5005DFF6A /* AppDelegate.swift in Sources */ = {isa = PBXBuildFile; fileRef = F94545022670AAD5005DFF6A /* AppDelegate.swift */; };
		F94545072670AAD5005DFF6A /* LoginVC.swift in Sources */ = {isa = PBXBuildFile; fileRef = F94545062670AAD5005DFF6A /* LoginVC.swift */; };
		F945450A2670AAD5005DFF6A /* Main.storyboard in Resources */ = {isa = PBXBuildFile; fileRef = F94545082670AAD5005DFF6A /* Main.storyboard */; };
		F945450C2670AAD6005DFF6A /* Assets.xcassets in Resources */ = {isa = PBXBuildFile; fileRef = F945450B2670AAD6005DFF6A /* Assets.xcassets */; };
		F945450F2670AAD6005DFF6A /* LaunchScreen.storyboard in Resources */ = {isa = PBXBuildFile; fileRef = F945450D2670AAD6005DFF6A /* LaunchScreen.storyboard */; };
		F945451E2670B310005DFF6A /* Extension_UIImage.swift in Sources */ = {isa = PBXBuildFile; fileRef = F945451D2670B310005DFF6A /* Extension_UIImage.swift */; };
		F94545262670BC0C005DFF6A /* ResultVC.swift in Sources */ = {isa = PBXBuildFile; fileRef = F94545252670BC0C005DFF6A /* ResultVC.swift */; };
		F945452E2670BD34005DFF6A /* APIInfo.swift in Sources */ = {isa = PBXBuildFile; fileRef = F945452D2670BD34005DFF6A /* APIInfo.swift */; };
		F94545322670BE4C005DFF6A /* APIManger.swift in Sources */ = {isa = PBXBuildFile; fileRef = F94545312670BE4C005DFF6A /* APIManger.swift */; };
		F94545762670C1F3005DFF6A /* APIManager+Login.swift in Sources */ = {isa = PBXBuildFile; fileRef = F94545752670C1F3005DFF6A /* APIManager+Login.swift */; };
		F945457A2670C2BB005DFF6A /* LoginToken.swift in Sources */ = {isa = PBXBuildFile; fileRef = F94545792670C2BB005DFF6A /* LoginToken.swift */; };
		F945457F2670C454005DFF6A /* LoginRepository.swift in Sources */ = {isa = PBXBuildFile; fileRef = F945457E2670C454005DFF6A /* LoginRepository.swift */; };
		F94545842670C5AE005DFF6A /* LoginVM.swift in Sources */ = {isa = PBXBuildFile; fileRef = F94545832670C5AE005DFF6A /* LoginVM.swift */; };
		F9AEF86C2670CB3E003EB7CF /* Subject.swift in Sources */ = {isa = PBXBuildFile; fileRef = F9AEF86B2670CB3E003EB7CF /* Subject.swift */; };
/* End PBXBuildFile section */

/* Begin PBXFileReference section */
		F94544FF2670AAD5005DFF6A /* SCMP_TestingApp.app */ = {isa = PBXFileReference; explicitFileType = wrapper.application; includeInIndex = 0; path = SCMP_TestingApp.app; sourceTree = BUILT_PRODUCTS_DIR; };
		F94545022670AAD5005DFF6A /* AppDelegate.swift */ = {isa = PBXFileReference; lastKnownFileType = sourcecode.swift; path = AppDelegate.swift; sourceTree = "<group>"; };
		F94545062670AAD5005DFF6A /* LoginVC.swift */ = {isa = PBXFileReference; lastKnownFileType = sourcecode.swift; path = LoginVC.swift; sourceTree = "<group>"; };
		F94545092670AAD5005DFF6A /* Base */ = {isa = PBXFileReference; lastKnownFileType = file.storyboard; name = Base; path = Base.lproj/Main.storyboard; sourceTree = "<group>"; };
		F945450B2670AAD6005DFF6A /* Assets.xcassets */ = {isa = PBXFileReference; lastKnownFileType = folder.assetcatalog; path = Assets.xcassets; sourceTree = "<group>"; };
		F945450E2670AAD6005DFF6A /* Base */ = {isa = PBXFileReference; lastKnownFileType = file.storyboard; name = Base; path = Base.lproj/LaunchScreen.storyboard; sourceTree = "<group>"; };
		F94545102670AAD6005DFF6A /* Info.plist */ = {isa = PBXFileReference; lastKnownFileType = text.plist.xml; path = Info.plist; sourceTree = "<group>"; };
		F945451D2670B310005DFF6A /* Extension_UIImage.swift */ = {isa = PBXFileReference; lastKnownFileType = sourcecode.swift; path = Extension_UIImage.swift; sourceTree = "<group>"; };
		F94545252670BC0C005DFF6A /* ResultVC.swift */ = {isa = PBXFileReference; lastKnownFileType = sourcecode.swift; path = ResultVC.swift; sourceTree = "<group>"; };
		F945452D2670BD34005DFF6A /* APIInfo.swift */ = {isa = PBXFileReference; lastKnownFileType = sourcecode.swift; path = APIInfo.swift; sourceTree = "<group>"; };
		F94545312670BE4C005DFF6A /* APIManger.swift */ = {isa = PBXFileReference; lastKnownFileType = sourcecode.swift; path = APIManger.swift; sourceTree = "<group>"; };
		F94545752670C1F3005DFF6A /* APIManager+Login.swift */ = {isa = PBXFileReference; lastKnownFileType = sourcecode.swift; path = "APIManager+Login.swift"; sourceTree = "<group>"; };
		F94545792670C2BB005DFF6A /* LoginToken.swift */ = {isa = PBXFileReference; lastKnownFileType = sourcecode.swift; path = LoginToken.swift; sourceTree = "<group>"; };
		F945457E2670C454005DFF6A /* LoginRepository.swift */ = {isa = PBXFileReference; lastKnownFileType = sourcecode.swift; path = LoginRepository.swift; sourceTree = "<group>"; };
		F94545832670C5AE005DFF6A /* LoginVM.swift */ = {isa = PBXFileReference; lastKnownFileType = sourcecode.swift; path = LoginVM.swift; sourceTree = "<group>"; };
		F9AEF86B2670CB3E003EB7CF /* Subject.swift */ = {isa = PBXFileReference; lastKnownFileType = sourcecode.swift; path = Subject.swift; sourceTree = "<group>"; };
/* End PBXFileReference section */

/* Begin PBXFrameworksBuildPhase section */
		F94544FC2670AAD5005DFF6A /* Frameworks */ = {
			isa = PBXFrameworksBuildPhase;
			buildActionMask = 2147483647;
			files = (
			);
			runOnlyForDeploymentPostprocessing = 0;
		};
/* End PBXFrameworksBuildPhase section */

/* Begin PBXGroup section */
		F94544F62670AAD5005DFF6A = {
			isa = PBXGroup;
			children = (
				F94545012670AAD5005DFF6A /* SCMP_TestingApp */,
				F94545002670AAD5005DFF6A /* Products */,
			);
			sourceTree = "<group>";
		};
		F94545002670AAD5005DFF6A /* Products */ = {
			isa = PBXGroup;
			children = (
				F94544FF2670AAD5005DFF6A /* SCMP_TestingApp.app */,
			);
			name = Products;
			sourceTree = "<group>";
		};
		F94545012670AAD5005DFF6A /* SCMP_TestingApp */ = {
			isa = PBXGroup;
			children = (
				F94545022670AAD5005DFF6A /* AppDelegate.swift */,
				F945452A2670BC7A005DFF6A /* View */,
				F94545822670C59C005DFF6A /* ViewModel */,
				F945452B2670BCE1005DFF6A /* Model */,
				F945451B2670B2F2005DFF6A /* Help */,
				F94545082670AAD5005DFF6A /* Main.storyboard */,
				F945450B2670AAD6005DFF6A /* Assets.xcassets */,
				F945450D2670AAD6005DFF6A /* LaunchScreen.storyboard */,
				F94545102670AAD6005DFF6A /* Info.plist */,
			);
			path = SCMP_TestingApp;
			sourceTree = "<group>";
		};
		F945451B2670B2F2005DFF6A /* Help */ = {
			isa = PBXGroup;
			children = (
				F945451C2670B2FC005DFF6A /* Extension */,
			);
			path = Help;
			sourceTree = "<group>";
		};
		F945451C2670B2FC005DFF6A /* Extension */ = {
			isa = PBXGroup;
			children = (
				F945451D2670B310005DFF6A /* Extension_UIImage.swift */,
			);
			path = Extension;
			sourceTree = "<group>";
		};
		F945452A2670BC7A005DFF6A /* View */ = {
			isa = PBXGroup;
			children = (
				F94545062670AAD5005DFF6A /* LoginVC.swift */,
				F94545252670BC0C005DFF6A /* ResultVC.swift */,
			);
			path = View;
			sourceTree = "<group>";
		};
		F945452B2670BCE1005DFF6A /* Model */ = {
			isa = PBXGroup;
			children = (
				F945457D2670C441005DFF6A /* Repository */,
				F94545782670C2A7005DFF6A /* Entities */,
				F945452C2670BD13005DFF6A /* APIManger */,
			);
			path = Model;
			sourceTree = "<group>";
		};
		F945452C2670BD13005DFF6A /* APIManger */ = {
			isa = PBXGroup;
			children = (
				F945452D2670BD34005DFF6A /* APIInfo.swift */,
				F94545312670BE4C005DFF6A /* APIManger.swift */,
				F94545752670C1F3005DFF6A /* APIManager+Login.swift */,
			);
			path = APIManger;
			sourceTree = "<group>";
		};
		F94545782670C2A7005DFF6A /* Entities */ = {
			isa = PBXGroup;
			children = (
				F94545792670C2BB005DFF6A /* LoginToken.swift */,
				F9AEF86B2670CB3E003EB7CF /* Subject.swift */,
			);
			path = Entities;
			sourceTree = "<group>";
		};
		F945457D2670C441005DFF6A /* Repository */ = {
			isa = PBXGroup;
			children = (
				F945457E2670C454005DFF6A /* LoginRepository.swift */,
			);
			path = Repository;
			sourceTree = "<group>";
		};
		F94545822670C59C005DFF6A /* ViewModel */ = {
			isa = PBXGroup;
			children = (
				F94545832670C5AE005DFF6A /* LoginVM.swift */,
			);
			path = ViewModel;
			sourceTree = "<group>";
		};
/* End PBXGroup section */

/* Begin PBXNativeTarget section */
		F94544FE2670AAD5005DFF6A /* SCMP_TestingApp */ = {
			isa = PBXNativeTarget;
			buildConfigurationList = F94545132670AAD6005DFF6A /* Build configuration list for PBXNativeTarget "SCMP_TestingApp" */;
			buildPhases = (
				F94544FB2670AAD5005DFF6A /* Sources */,
				F94544FC2670AAD5005DFF6A /* Frameworks */,
				F94544FD2670AAD5005DFF6A /* Resources */,
			);
			buildRules = (
			);
			dependencies = (
			);
			name = SCMP_TestingApp;
			productName = SCMP_TestingApp;
			productReference = F94544FF2670AAD5005DFF6A /* SCMP_TestingApp.app */;
			productType = "com.apple.product-type.application";
		};
/* End PBXNativeTarget section */

/* Begin PBXProject section */
		F94544F72670AAD5005DFF6A /* Project object */ = {
			isa = PBXProject;
			attributes = {
				LastSwiftUpdateCheck = 1240;
				LastUpgradeCheck = 1240;
				TargetAttributes = {
					F94544FE2670AAD5005DFF6A = {
						CreatedOnToolsVersion = 12.4;
					};
				};
			};
			buildConfigurationList = F94544FA2670AAD5005DFF6A /* Build configuration list for PBXProject "SCMP_TestingApp" */;
			compatibilityVersion = "Xcode 9.3";
			developmentRegion = en;
			hasScannedForEncodings = 0;
			knownRegions = (
				en,
				Base,
			);
			mainGroup = F94544F62670AAD5005DFF6A;
			productRefGroup = F94545002670AAD5005DFF6A /* Products */;
			projectDirPath = "";
			projectRoot = "";
			targets = (
				F94544FE2670AAD5005DFF6A /* SCMP_TestingApp */,
			);
		};
/* End PBXProject section */

/* Begin PBXResourcesBuildPhase section */
		F94544FD2670AAD5005DFF6A /* Resources */ = {
			isa = PBXResourcesBuildPhase;
			buildActionMask = 2147483647;
			files = (
				F945450F2670AAD6005DFF6A /* LaunchScreen.storyboard in Resources */,
				F945450C2670AAD6005DFF6A /* Assets.xcassets in Resources */,
				F945450A2670AAD5005DFF6A /* Main.storyboard in Resources */,
			);
			runOnlyForDeploymentPostprocessing = 0;
		};
/* End PBXResourcesBuildPhase section */

/* Begin PBXSourcesBuildPhase section */
		F94544FB2670AAD5005DFF6A /* Sources */ = {
			isa = PBXSourcesBuildPhase;
			buildActionMask = 2147483647;
			files = (
				F94545322670BE4C005DFF6A /* APIManger.swift in Sources */,
				F9AEF86C2670CB3E003EB7CF /* Subject.swift in Sources */,
				F94545262670BC0C005DFF6A /* ResultVC.swift in Sources */,
				F94545072670AAD5005DFF6A /* LoginVC.swift in Sources */,
				F94545032670AAD5005DFF6A /* AppDelegate.swift in Sources */,
				F94545842670C5AE005DFF6A /* LoginVM.swift in Sources */,
				F945451E2670B310005DFF6A /* Extension_UIImage.swift in Sources */,
				F945457A2670C2BB005DFF6A /* LoginToken.swift in Sources */,
				F945452E2670BD34005DFF6A /* APIInfo.swift in Sources */,
				F94545762670C1F3005DFF6A /* APIManager+Login.swift in Sources */,
				F945457F2670C454005DFF6A /* LoginRepository.swift in Sources */,
			);
			runOnlyForDeploymentPostprocessing = 0;
		};
/* End PBXSourcesBuildPhase section */

/* Begin PBXVariantGroup section */
		F94545082670AAD5005DFF6A /* Main.storyboard */ = {
			isa = PBXVariantGroup;
			children = (
				F94545092670AAD5005DFF6A /* Base */,
			);
			name = Main.storyboard;
			sourceTree = "<group>";
		};
		F945450D2670AAD6005DFF6A /* LaunchScreen.storyboard */ = {
			isa = PBXVariantGroup;
			children = (
				F945450E2670AAD6005DFF6A /* Base */,
			);
			name = LaunchScreen.storyboard;
			sourceTree = "<group>";
		};
/* End PBXVariantGroup section */

/* Begin XCBuildConfiguration section */
		F94545112670AAD6005DFF6A /* Debug */ = {
			isa = XCBuildConfiguration;
			buildSettings = {
				ALWAYS_SEARCH_USER_PATHS = NO;
				CLANG_ANALYZER_NONNULL = YES;
				CLANG_ANALYZER_NUMBER_OBJECT_CONVERSION = YES_AGGRESSIVE;
				CLANG_CXX_LANGUAGE_STANDARD = "gnu++14";
				CLANG_CXX_LIBRARY = "libc++";
				CLANG_ENABLE_MODULES = YES;
				CLANG_ENABLE_OBJC_ARC = YES;
				CLANG_ENABLE_OBJC_WEAK = YES;
				CLANG_WARN_BLOCK_CAPTURE_AUTORELEASING = YES;
				CLANG_WARN_BOOL_CONVERSION = YES;
				CLANG_WARN_COMMA = YES;
				CLANG_WARN_CONSTANT_CONVERSION = YES;
				CLANG_WARN_DEPRECATED_OBJC_IMPLEMENTATIONS = YES;
				CLANG_WARN_DIRECT_OBJC_ISA_USAGE = YES_ERROR;
				CLANG_WARN_DOCUMENTATION_COMMENTS = YES;
				CLANG_WARN_EMPTY_BODY = YES;
				CLANG_WARN_ENUM_CONVERSION = YES;
				CLANG_WARN_INFINITE_RECURSION = YES;
				CLANG_WARN_INT_CONVERSION = YES;
				CLANG_WARN_NON_LITERAL_NULL_CONVERSION = YES;
				CLANG_WARN_OBJC_IMPLICIT_RETAIN_SELF = YES;
				CLANG_WARN_OBJC_LITERAL_CONVERSION = YES;
				CLANG_WARN_OBJC_ROOT_CLASS = YES_ERROR;
				CLANG_WARN_QUOTED_INCLUDE_IN_FRAMEWORK_HEADER = YES;
				CLANG_WARN_RANGE_LOOP_ANALYSIS = YES;
				CLANG_WARN_STRICT_PROTOTYPES = YES;
				CLANG_WARN_SUSPICIOUS_MOVE = YES;
				CLANG_WARN_UNGUARDED_AVAILABILITY = YES_AGGRESSIVE;
				CLANG_WARN_UNREACHABLE_CODE = YES;
				CLANG_WARN__DUPLICATE_METHOD_MATCH = YES;
				COPY_PHASE_STRIP = NO;
				DEBUG_INFORMATION_FORMAT = dwarf;
				ENABLE_STRICT_OBJC_MSGSEND = YES;
				ENABLE_TESTABILITY = YES;
				GCC_C_LANGUAGE_STANDARD = gnu11;
				GCC_DYNAMIC_NO_PIC = NO;
				GCC_NO_COMMON_BLOCKS = YES;
				GCC_OPTIMIZATION_LEVEL = 0;
				GCC_PREPROCESSOR_DEFINITIONS = (
					"DEBUG=1",
					"$(inherited)",
				);
				GCC_WARN_64_TO_32_BIT_CONVERSION = YES;
				GCC_WARN_ABOUT_RETURN_TYPE = YES_ERROR;
				GCC_WARN_UNDECLARED_SELECTOR = YES;
				GCC_WARN_UNINITIALIZED_AUTOS = YES_AGGRESSIVE;
				GCC_WARN_UNUSED_FUNCTION = YES;
				GCC_WARN_UNUSED_VARIABLE = YES;
				IPHONEOS_DEPLOYMENT_TARGET = 14.4;
				MTL_ENABLE_DEBUG_INFO = INCLUDE_SOURCE;
				MTL_FAST_MATH = YES;
				ONLY_ACTIVE_ARCH = YES;
				SDKROOT = iphoneos;
				SWIFT_ACTIVE_COMPILATION_CONDITIONS = DEBUG;
				SWIFT_OPTIMIZATION_LEVEL = "-Onone";
			};
			name = Debug;
		};
		F94545122670AAD6005DFF6A /* Release */ = {
			isa = XCBuildConfiguration;
			buildSettings = {
				ALWAYS_SEARCH_USER_PATHS = NO;
				CLANG_ANALYZER_NONNULL = YES;
				CLANG_ANALYZER_NUMBER_OBJECT_CONVERSION = YES_AGGRESSIVE;
				CLANG_CXX_LANGUAGE_STANDARD = "gnu++14";
				CLANG_CXX_LIBRARY = "libc++";
				CLANG_ENABLE_MODULES = YES;
				CLANG_ENABLE_OBJC_ARC = YES;
				CLANG_ENABLE_OBJC_WEAK = YES;
				CLANG_WARN_BLOCK_CAPTURE_AUTORELEASING = YES;
				CLANG_WARN_BOOL_CONVERSION = YES;
				CLANG_WARN_COMMA = YES;
				CLANG_WARN_CONSTANT_CONVERSION = YES;
				CLANG_WARN_DEPRECATED_OBJC_IMPLEMENTATIONS = YES;
				CLANG_WARN_DIRECT_OBJC_ISA_USAGE = YES_ERROR;
				CLANG_WARN_DOCUMENTATION_COMMENTS = YES;
				CLANG_WARN_EMPTY_BODY = YES;
				CLANG_WARN_ENUM_CONVERSION = YES;
				CLANG_WARN_INFINITE_RECURSION = YES;
				CLANG_WARN_INT_CONVERSION = YES;
				CLANG_WARN_NON_LITERAL_NULL_CONVERSION = YES;
				CLANG_WARN_OBJC_IMPLICIT_RETAIN_SELF = YES;
				CLANG_WARN_OBJC_LITERAL_CONVERSION = YES;
				CLANG_WARN_OBJC_ROOT_CLASS = YES_ERROR;
				CLANG_WARN_QUOTED_INCLUDE_IN_FRAMEWORK_HEADER = YES;
				CLANG_WARN_RANGE_LOOP_ANALYSIS = YES;
				CLANG_WARN_STRICT_PROTOTYPES = YES;
				CLANG_WARN_SUSPICIOUS_MOVE = YES;
				CLANG_WARN_UNGUARDED_AVAILABILITY = YES_AGGRESSIVE;
				CLANG_WARN_UNREACHABLE_CODE = YES;
				CLANG_WARN__DUPLICATE_METHOD_MATCH = YES;
				COPY_PHASE_STRIP = NO;
				DEBUG_INFORMATION_FORMAT = "dwarf-with-dsym";
				ENABLE_NS_ASSERTIONS = NO;
				ENABLE_STRICT_OBJC_MSGSEND = YES;
				GCC_C_LANGUAGE_STANDARD = gnu11;
				GCC_NO_COMMON_BLOCKS = YES;
				GCC_WARN_64_TO_32_BIT_CONVERSION = YES;
				GCC_WARN_ABOUT_RETURN_TYPE = YES_ERROR;
				GCC_WARN_UNDECLARED_SELECTOR = YES;
				GCC_WARN_UNINITIALIZED_AUTOS = YES_AGGRESSIVE;
				GCC_WARN_UNUSED_FUNCTION = YES;
				GCC_WARN_UNUSED_VARIABLE = YES;
				IPHONEOS_DEPLOYMENT_TARGET = 14.4;
				MTL_ENABLE_DEBUG_INFO = NO;
				MTL_FAST_MATH = YES;
				SDKROOT = iphoneos;
				SWIFT_COMPILATION_MODE = wholemodule;
				SWIFT_OPTIMIZATION_LEVEL = "-O";
				VALIDATE_PRODUCT = YES;
			};
			name = Release;
		};
		F94545142670AAD6005DFF6A /* Debug */ = {
			isa = XCBuildConfiguration;
			buildSettings = {
				ASSETCATALOG_COMPILER_APPICON_NAME = AppIcon;
				ASSETCATALOG_COMPILER_GLOBAL_ACCENT_COLOR_NAME = AccentColor;
				CODE_SIGN_STYLE = Automatic;
				DEVELOPMENT_TEAM = 284Y9W6F8Y;
				INFOPLIST_FILE = SCMP_TestingApp/Info.plist;
				IPHONEOS_DEPLOYMENT_TARGET = 12.1;
				LD_RUNPATH_SEARCH_PATHS = (
					"$(inherited)",
					"@executable_path/Frameworks",
				);
				PRODUCT_BUNDLE_IDENTIFIER = "com.shuei3BeiBaBa.swift.SCMP-TestingApp";
				PRODUCT_NAME = "$(TARGET_NAME)";
				SWIFT_VERSION = 5.0;
				TARGETED_DEVICE_FAMILY = "1,2";
			};
			name = Debug;
		};
		F94545152670AAD6005DFF6A /* Release */ = {
			isa = XCBuildConfiguration;
			buildSettings = {
				ASSETCATALOG_COMPILER_APPICON_NAME = AppIcon;
				ASSETCATALOG_COMPILER_GLOBAL_ACCENT_COLOR_NAME = AccentColor;
				CODE_SIGN_STYLE = Automatic;
				DEVELOPMENT_TEAM = 284Y9W6F8Y;
				INFOPLIST_FILE = SCMP_TestingApp/Info.plist;
				IPHONEOS_DEPLOYMENT_TARGET = 12.1;
				LD_RUNPATH_SEARCH_PATHS = (
					"$(inherited)",
					"@executable_path/Frameworks",
				);
				PRODUCT_BUNDLE_IDENTIFIER = "com.shuei3BeiBaBa.swift.SCMP-TestingApp";
				PRODUCT_NAME = "$(TARGET_NAME)";
				SWIFT_VERSION = 5.0;
				TARGETED_DEVICE_FAMILY = "1,2";
			};
			name = Release;
		};
/* End XCBuildConfiguration section */

/* Begin XCConfigurationList section */
		F94544FA2670AAD5005DFF6A /* Build configuration list for PBXProject "SCMP_TestingApp" */ = {
			isa = XCConfigurationList;
			buildConfigurations = (
				F94545112670AAD6005DFF6A /* Debug */,
				F94545122670AAD6005DFF6A /* Release */,
			);
			defaultConfigurationIsVisible = 0;
			defaultConfigurationName = Release;
		};
		F94545132670AAD6005DFF6A /* Build configuration list for PBXNativeTarget "SCMP_TestingApp" */ = {
			isa = XCConfigurationList;
			buildConfigurations = (
				F94545142670AAD6005DFF6A /* Debug */,
				F94545152670AAD6005DFF6A /* Release */,
			);
			defaultConfigurationIsVisible = 0;
			defaultConfigurationName = Release;
		};
/* End XCConfigurationList section */
	};
	rootObject = F94544F72670AAD5005DFF6A /* Project object */;
}
